
Microsoft Visual Studio Solution File, Format Version 12.00
# Visual Studio Version 16
VisualStudioVersion = 16.0.32802.440
MinimumVisualStudioVersion = 10.0.40219.1
Project("{FAE04EC0-301F-11D3-BF4B-00C04F79EFBC}") = "Assignment4", "Assignment4.csproj", "{CE0420B6-8AA1-4AFA-8F29-6DD5885F9255}"
EndProject
Global
	GlobalSection(SolutionConfigurationPlatforms) = preSolution
		Debug|Any CPU = Debug|Any CPU
		Release|Any CPU = Release|Any CPU
	EndGlobalSection
	GlobalSection(ProjectConfigurationPlatforms) = postSolution
		{CE0420B6-8AA1-4AFA-8F29-6DD5885F9255}.Debug|Any CPU.ActiveCfg = Debug|Any CPU
		{CE0420B6-8AA1-4AFA-8F29-6DD5885F9255}.Debug|Any CPU.Build.0 = Debug|Any CPU
		{CE0420B6-8AA1-4AFA-8F29-6DD5885F9255}.Release|Any CPU.ActiveCfg = Release|Any CPU
		{CE0420B6-8AA1-4AFA-8F29-6DD5885F9255}.Release|Any CPU.Build.0 = Release|Any CPU
	EndGlobalSection
	GlobalSection(SolutionProperties) = preSolution
		HideSolutionNode = FALSE
	EndGlobalSection
	GlobalSection(ExtensibilityGlobals) = postSolution
		SolutionGuid = {51346E6B-2CF4-4CD7-AD80-67AA3D646BC4}
	EndGlobalSection
EndGlobal
